
Microsoft Visual Studio Solution File, Format Version 12.00
Project("{2150E333-8FDC-42A3-9474-1A3956D46DE8}") = "src", "src", "{22509F24-3399-4B46-A940-5E0A25866578}"
EndProject
Project("{FAE04EC0-301F-11D3-BF4B-00C04F79EFBC}") = "API", "src\API\API.csproj", "{4C6A594A-13BC-4361-B3E5-BEFC94AED564}"
EndProject
Project("{FAE04EC0-301F-11D3-BF4B-00C04F79EFBC}") = "Common", "src\Common\Common.csproj", "{D9046FE5-4794-445F-BCFF-C362987E346B}"
EndProject
Project("{FAE04EC0-301F-11D3-BF4B-00C04F79EFBC}") = "Core", "src\Core\Core.csproj", "{EFD1A3F3-939F-4EFE-822B-9A0F428A3A0F}"
EndProject
Project("{FAE04EC0-301F-11D3-BF4B-00C04F79EFBC}") = "Infrastructure", "src\Infrastructure\Infrastructure.csproj", "{BAB91937-665C-453F-AD98-BBD812046A75}"
EndProject
Project("{FAE04EC0-301F-11D3-BF4B-00C04F79EFBC}") = "Application", "src\Application\Application.csproj", "{535038F5-6F34-4420-9739-1136D0A685BB}"
EndProject
Global
	GlobalSection(SolutionConfigurationPlatforms) = preSolution
		Debug|Any CPU = Debug|Any CPU
		Release|Any CPU = Release|Any CPU
	EndGlobalSection
	GlobalSection(NestedProjects) = preSolution
		{4C6A594A-13BC-4361-B3E5-BEFC94AED564} = {22509F24-3399-4B46-A940-5E0A25866578}
		{D9046FE5-4794-445F-BCFF-C362987E346B} = {22509F24-3399-4B46-A940-5E0A25866578}
		{EFD1A3F3-939F-4EFE-822B-9A0F428A3A0F} = {22509F24-3399-4B46-A940-5E0A25866578}
		{BAB91937-665C-453F-AD98-BBD812046A75} = {22509F24-3399-4B46-A940-5E0A25866578}
		{535038F5-6F34-4420-9739-1136D0A685BB} = {22509F24-3399-4B46-A940-5E0A25866578}
	EndGlobalSection
	GlobalSection(ProjectConfigurationPlatforms) = postSolution
		{4C6A594A-13BC-4361-B3E5-BEFC94AED564}.Debug|Any CPU.ActiveCfg = Debug|Any CPU
		{4C6A594A-13BC-4361-B3E5-BEFC94AED564}.Debug|Any CPU.Build.0 = Debug|Any CPU
		{4C6A594A-13BC-4361-B3E5-BEFC94AED564}.Release|Any CPU.ActiveCfg = Release|Any CPU
		{4C6A594A-13BC-4361-B3E5-BEFC94AED564}.Release|Any CPU.Build.0 = Release|Any CPU
		{D9046FE5-4794-445F-BCFF-C362987E346B}.Debug|Any CPU.ActiveCfg = Debug|Any CPU
		{D9046FE5-4794-445F-BCFF-C362987E346B}.Debug|Any CPU.Build.0 = Debug|Any CPU
		{D9046FE5-4794-445F-BCFF-C362987E346B}.Release|Any CPU.ActiveCfg = Release|Any CPU
		{D9046FE5-4794-445F-BCFF-C362987E346B}.Release|Any CPU.Build.0 = Release|Any CPU
		{EFD1A3F3-939F-4EFE-822B-9A0F428A3A0F}.Debug|Any CPU.ActiveCfg = Debug|Any CPU
		{EFD1A3F3-939F-4EFE-822B-9A0F428A3A0F}.Debug|Any CPU.Build.0 = Debug|Any CPU
		{EFD1A3F3-939F-4EFE-822B-9A0F428A3A0F}.Release|Any CPU.ActiveCfg = Release|Any CPU
		{EFD1A3F3-939F-4EFE-822B-9A0F428A3A0F}.Release|Any CPU.Build.0 = Release|Any CPU
		{BAB91937-665C-453F-AD98-BBD812046A75}.Debug|Any CPU.ActiveCfg = Debug|Any CPU
		{BAB91937-665C-453F-AD98-BBD812046A75}.Debug|Any CPU.Build.0 = Debug|Any CPU
		{BAB91937-665C-453F-AD98-BBD812046A75}.Release|Any CPU.ActiveCfg = Release|Any CPU
		{BAB91937-665C-453F-AD98-BBD812046A75}.Release|Any CPU.Build.0 = Release|Any CPU
		{535038F5-6F34-4420-9739-1136D0A685BB}.Debug|Any CPU.ActiveCfg = Debug|Any CPU
		{535038F5-6F34-4420-9739-1136D0A685BB}.Debug|Any CPU.Build.0 = Debug|Any CPU
		{535038F5-6F34-4420-9739-1136D0A685BB}.Release|Any CPU.ActiveCfg = Release|Any CPU
		{535038F5-6F34-4420-9739-1136D0A685BB}.Release|Any CPU.Build.0 = Release|Any CPU
	EndGlobalSection
EndGlobal
